// !$*UTF8*$!
{
	archiveVersion = 1;
	classes = {
	};
	objectVersion = 56;
	objects = {

/* Begin PBXBuildFile section */
		46018A6F2BC0FDC300DE4C80 /* pokedexappApp.swift in Sources */ = {isa = PBXBuildFile; fileRef = 46018A6E2BC0FDC300DE4C80 /* pokedexappApp.swift */; };
		46018A712BC0FDC300DE4C80 /* ContentView.swift in Sources */ = {isa = PBXBuildFile; fileRef = 46018A702BC0FDC300DE4C80 /* ContentView.swift */; };
		46018A732BC0FDC700DE4C80 /* Assets.xcassets in Resources */ = {isa = PBXBuildFile; fileRef = 46018A722BC0FDC700DE4C80 /* Assets.xcassets */; };
		46018A762BC0FDC700DE4C80 /* Preview Assets.xcassets in Resources */ = {isa = PBXBuildFile; fileRef = 46018A752BC0FDC700DE4C80 /* Preview Assets.xcassets */; };
		46018A802BC108F300DE4C80 /* PokemonView.swift in Sources */ = {isa = PBXBuildFile; fileRef = 46018A7F2BC108F300DE4C80 /* PokemonView.swift */; };
		46018A822BC1090100DE4C80 /* PokemonCell.swift in Sources */ = {isa = PBXBuildFile; fileRef = 46018A812BC1090100DE4C80 /* PokemonCell.swift */; };
		46018A842BC1A26900DE4C80 /* Pokemon.swift in Sources */ = {isa = PBXBuildFile; fileRef = 46018A832BC1A26900DE4C80 /* Pokemon.swift */; };
		46018A862BC1E9D400DE4C80 /* PokemonViewModel.swift in Sources */ = {isa = PBXBuildFile; fileRef = 46018A852BC1E9D400DE4C80 /* PokemonViewModel.swift */; };
		46018A892BC223C800DE4C80 /* Kingfisher in Frameworks */ = {isa = PBXBuildFile; productRef = 46018A882BC223C800DE4C80 /* Kingfisher */; };
		46018A8B2BC2486900DE4C80 /* PokemonDetail.swift in Sources */ = {isa = PBXBuildFile; fileRef = 46018A8A2BC2486900DE4C80 /* PokemonDetail.swift */; };
/* End PBXBuildFile section */

/* Begin PBXFileReference section */
		46018A6B2BC0FDC300DE4C80 /* pokedexapp.app */ = {isa = PBXFileReference; explicitFileType = wrapper.application; includeInIndex = 0; path = pokedexapp.app; sourceTree = BUILT_PRODUCTS_DIR; };
		46018A6E2BC0FDC300DE4C80 /* pokedexappApp.swift */ = {isa = PBXFileReference; lastKnownFileType = sourcecode.swift; path = pokedexappApp.swift; sourceTree = "<group>"; };
		46018A702BC0FDC300DE4C80 /* ContentView.swift */ = {isa = PBXFileReference; lastKnownFileType = sourcecode.swift; path = ContentView.swift; sourceTree = "<group>"; };
		46018A722BC0FDC700DE4C80 /* Assets.xcassets */ = {isa = PBXFileReference; lastKnownFileType = folder.assetcatalog; path = Assets.xcassets; sourceTree = "<group>"; };
		46018A752BC0FDC700DE4C80 /* Preview Assets.xcassets */ = {isa = PBXFileReference; lastKnownFileType = folder.assetcatalog; path = "Preview Assets.xcassets"; sourceTree = "<group>"; };
		46018A7F2BC108F300DE4C80 /* PokemonView.swift */ = {isa = PBXFileReference; lastKnownFileType = sourcecode.swift; path = PokemonView.swift; sourceTree = "<group>"; };
		46018A812BC1090100DE4C80 /* PokemonCell.swift */ = {isa = PBXFileReference; lastKnownFileType = sourcecode.swift; path = PokemonCell.swift; sourceTree = "<group>"; };
		46018A832BC1A26900DE4C80 /* Pokemon.swift */ = {isa = PBXFileReference; lastKnownFileType = sourcecode.swift; path = Pokemon.swift; sourceTree = "<group>"; };
		46018A852BC1E9D400DE4C80 /* PokemonViewModel.swift */ = {isa = PBXFileReference; lastKnownFileType = sourcecode.swift; path = PokemonViewModel.swift; sourceTree = "<group>"; };
		46018A8A2BC2486900DE4C80 /* PokemonDetail.swift */ = {isa = PBXFileReference; lastKnownFileType = sourcecode.swift; path = PokemonDetail.swift; sourceTree = "<group>"; };
/* End PBXFileReference section */

/* Begin PBXFrameworksBuildPhase section */
		46018A682BC0FDC200DE4C80 /* Frameworks */ = {
			isa = PBXFrameworksBuildPhase;
			buildActionMask = 2147483647;
			files = (
				46018A892BC223C800DE4C80 /* Kingfisher in Frameworks */,
			);
			runOnlyForDeploymentPostprocessing = 0;
		};
/* End PBXFrameworksBuildPhase section */

/* Begin PBXGroup section */
		46018A622BC0FDC200DE4C80 = {
			isa = PBXGroup;
			children = (
				46018A6D2BC0FDC300DE4C80 /* pokedexapp */,
				46018A6C2BC0FDC300DE4C80 /* Products */,
			);
			sourceTree = "<group>";
		};
		46018A6C2BC0FDC300DE4C80 /* Products */ = {
			isa = PBXGroup;
			children = (
				46018A6B2BC0FDC300DE4C80 /* pokedexapp.app */,
			);
			name = Products;
			sourceTree = "<group>";
		};
		46018A6D2BC0FDC300DE4C80 /* pokedexapp */ = {
			isa = PBXGroup;
			children = (
				46018A7E2BC108DB00DE4C80 /* ViewModel */,
				46018A7D2BC108D100DE4C80 /* Model */,
				46018A7C2BC108C900DE4C80 /* View */,
				46018A6E2BC0FDC300DE4C80 /* pokedexappApp.swift */,
				46018A702BC0FDC300DE4C80 /* ContentView.swift */,
				46018A722BC0FDC700DE4C80 /* Assets.xcassets */,
				46018A742BC0FDC700DE4C80 /* Preview Content */,
			);
			path = pokedexapp;
			sourceTree = "<group>";
		};
		46018A742BC0FDC700DE4C80 /* Preview Content */ = {
			isa = PBXGroup;
			children = (
				46018A752BC0FDC700DE4C80 /* Preview Assets.xcassets */,
			);
			path = "Preview Content";
			sourceTree = "<group>";
		};
		46018A7C2BC108C900DE4C80 /* View */ = {
			isa = PBXGroup;
			children = (
				46018A7F2BC108F300DE4C80 /* PokemonView.swift */,
				46018A812BC1090100DE4C80 /* PokemonCell.swift */,
				46018A8A2BC2486900DE4C80 /* PokemonDetail.swift */,
			);
			path = View;
			sourceTree = "<group>";
		};
		46018A7D2BC108D100DE4C80 /* Model */ = {
			isa = PBXGroup;
			children = (
				46018A832BC1A26900DE4C80 /* Pokemon.swift */,
			);
			path = Model;
			sourceTree = "<group>";
		};
		46018A7E2BC108DB00DE4C80 /* ViewModel */ = {
			isa = PBXGroup;
			children = (
				46018A852BC1E9D400DE4C80 /* PokemonViewModel.swift */,
			);
			path = ViewModel;
			sourceTree = "<group>";
		};
/* End PBXGroup section */

/* Begin PBXNativeTarget section */
		46018A6A2BC0FDC200DE4C80 /* pokedexapp */ = {
			isa = PBXNativeTarget;
			buildConfigurationList = 46018A792BC0FDC700DE4C80 /* Build configuration list for PBXNativeTarget "pokedexapp" */;
			buildPhases = (
				46018A672BC0FDC200DE4C80 /* Sources */,
				46018A682BC0FDC200DE4C80 /* Frameworks */,
				46018A692BC0FDC200DE4C80 /* Resources */,
			);
			buildRules = (
			);
			dependencies = (
			);
			name = pokedexapp;
			packageProductDependencies = (
				46018A882BC223C800DE4C80 /* Kingfisher */,
			);
			productName = pokedexapp;
			productReference = 46018A6B2BC0FDC300DE4C80 /* pokedexapp.app */;
			productType = "com.apple.product-type.application";
		};
/* End PBXNativeTarget section */

/* Begin PBXProject section */
		46018A632BC0FDC200DE4C80 /* Project object */ = {
			isa = PBXProject;
			attributes = {
				BuildIndependentTargetsInParallel = 1;
				LastSwiftUpdateCheck = 1530;
				LastUpgradeCheck = 1530;
				TargetAttributes = {
					46018A6A2BC0FDC200DE4C80 = {
						CreatedOnToolsVersion = 15.3;
					};
				};
			};
			buildConfigurationList = 46018A662BC0FDC200DE4C80 /* Build configuration list for PBXProject "pokedexapp" */;
			compatibilityVersion = "Xcode 14.0";
			developmentRegion = en;
			hasScannedForEncodings = 0;
			knownRegions = (
				en,
				Base,
			);
			mainGroup = 46018A622BC0FDC200DE4C80;
			packageReferences = (
				46018A872BC223C800DE4C80 /* XCRemoteSwiftPackageReference "Kingfisher" */,
			);
			productRefGroup = 46018A6C2BC0FDC300DE4C80 /* Products */;
			projectDirPath = "";
			projectRoot = "";
			targets = (
				46018A6A2BC0FDC200DE4C80 /* pokedexapp */,
			);
		};
/* End PBXProject section */

/* Begin PBXResourcesBuildPhase section */
		46018A692BC0FDC200DE4C80 /* Resources */ = {
			isa = PBXResourcesBuildPhase;
			buildActionMask = 2147483647;
			files = (
				46018A762BC0FDC700DE4C80 /* Preview Assets.xcassets in Resources */,
				46018A732BC0FDC700DE4C80 /* Assets.xcassets in Resources */,
			);
			runOnlyForDeploymentPostprocessing = 0;
		};
/* End PBXResourcesBuildPhase section */

/* Begin PBXSourcesBuildPhase section */
		46018A672BC0FDC200DE4C80 /* Sources */ = {
			isa = PBXSourcesBuildPhase;
			buildActionMask = 2147483647;
			files = (
				46018A842BC1A26900DE4C80 /* Pokemon.swift in Sources */,
				46018A802BC108F300DE4C80 /* PokemonView.swift in Sources */,
				46018A8B2BC2486900DE4C80 /* PokemonDetail.swift in Sources */,
				46018A862BC1E9D400DE4C80 /* PokemonViewModel.swift in Sources */,
				46018A822BC1090100DE4C80 /* PokemonCell.swift in Sources */,
				46018A712BC0FDC300DE4C80 /* ContentView.swift in Sources */,
				46018A6F2BC0FDC300DE4C80 /* pokedexappApp.swift in Sources */,
			);
			runOnlyForDeploymentPostprocessing = 0;
		};
/* End PBXSourcesBuildPhase section */

/* Begin XCBuildConfiguration section */
		46018A772BC0FDC700DE4C80 /* Debug */ = {
			isa = XCBuildConfiguration;
			buildSettings = {
				ALWAYS_SEARCH_USER_PATHS = NO;
				ASSETCATALOG_COMPILER_GENERATE_SWIFT_ASSET_SYMBOL_EXTENSIONS = YES;
				CLANG_ANALYZER_NONNULL = YES;
				CLANG_ANALYZER_NUMBER_OBJECT_CONVERSION = YES_AGGRESSIVE;
				CLANG_CXX_LANGUAGE_STANDARD = "gnu++20";
				CLANG_ENABLE_MODULES = YES;
				CLANG_ENABLE_OBJC_ARC = YES;
				CLANG_ENABLE_OBJC_WEAK = YES;
				CLANG_WARN_BLOCK_CAPTURE_AUTORELEASING = YES;
				CLANG_WARN_BOOL_CONVERSION = YES;
				CLANG_WARN_COMMA = YES;
				CLANG_WARN_CONSTANT_CONVERSION = YES;
				CLANG_WARN_DEPRECATED_OBJC_IMPLEMENTATIONS = YES;
				CLANG_WARN_DIRECT_OBJC_ISA_USAGE = YES_ERROR;
				CLANG_WARN_DOCUMENTATION_COMMENTS = YES;
				CLANG_WARN_EMPTY_BODY = YES;
				CLANG_WARN_ENUM_CONVERSION = YES;
				CLANG_WARN_INFINITE_RECURSION = YES;
				CLANG_WARN_INT_CONVERSION = YES;
				CLANG_WARN_NON_LITERAL_NULL_CONVERSION = YES;
				CLANG_WARN_OBJC_IMPLICIT_RETAIN_SELF = YES;
				CLANG_WARN_OBJC_LITERAL_CONVERSION = YES;
				CLANG_WARN_OBJC_ROOT_CLASS = YES_ERROR;
				CLANG_WARN_QUOTED_INCLUDE_IN_FRAMEWORK_HEADER = YES;
				CLANG_WARN_RANGE_LOOP_ANALYSIS = YES;
				CLANG_WARN_STRICT_PROTOTYPES = YES;
				CLANG_WARN_SUSPICIOUS_MOVE = YES;
				CLANG_WARN_UNGUARDED_AVAILABILITY = YES_AGGRESSIVE;
				CLANG_WARN_UNREACHABLE_CODE = YES;
				CLANG_WARN__DUPLICATE_METHOD_MATCH = YES;
				COPY_PHASE_STRIP = NO;
				DEBUG_INFORMATION_FORMAT = dwarf;
				ENABLE_STRICT_OBJC_MSGSEND = YES;
				ENABLE_TESTABILITY = YES;
				ENABLE_USER_SCRIPT_SANDBOXING = YES;
				GCC_C_LANGUAGE_STANDARD = gnu17;
				GCC_DYNAMIC_NO_PIC = NO;
				GCC_NO_COMMON_BLOCKS = YES;
				GCC_OPTIMIZATION_LEVEL = 0;
				GCC_PREPROCESSOR_DEFINITIONS = (
					"DEBUG=1",
					"$(inherited)",
				);
				GCC_WARN_64_TO_32_BIT_CONVERSION = YES;
				GCC_WARN_ABOUT_RETURN_TYPE = YES_ERROR;
				GCC_WARN_UNDECLARED_SELECTOR = YES;
				GCC_WARN_UNINITIALIZED_AUTOS = YES_AGGRESSIVE;
				GCC_WARN_UNUSED_FUNCTION = YES;
				GCC_WARN_UNUSED_VARIABLE = YES;
				IPHONEOS_DEPLOYMENT_TARGET = 17.4;
				LOCALIZATION_PREFERS_STRING_CATALOGS = YES;
				MTL_ENABLE_DEBUG_INFO = INCLUDE_SOURCE;
				MTL_FAST_MATH = YES;
				ONLY_ACTIVE_ARCH = YES;
				SDKROOT = iphoneos;
				SWIFT_ACTIVE_COMPILATION_CONDITIONS = "DEBUG $(inherited)";
				SWIFT_OPTIMIZATION_LEVEL = "-Onone";
			};
			name = Debug;
		};
		46018A782BC0FDC700DE4C80 /* Release */ = {
			isa = XCBuildConfiguration;
			buildSettings = {
				ALWAYS_SEARCH_USER_PATHS = NO;
				ASSETCATALOG_COMPILER_GENERATE_SWIFT_ASSET_SYMBOL_EXTENSIONS = YES;
				CLANG_ANALYZER_NONNULL = YES;
				CLANG_ANALYZER_NUMBER_OBJECT_CONVERSION = YES_AGGRESSIVE;
				CLANG_CXX_LANGUAGE_STANDARD = "gnu++20";
				CLANG_ENABLE_MODULES = YES;
				CLANG_ENABLE_OBJC_ARC = YES;
				CLANG_ENABLE_OBJC_WEAK = YES;
				CLANG_WARN_BLOCK_CAPTURE_AUTORELEASING = YES;
				CLANG_WARN_BOOL_CONVERSION = YES;
				CLANG_WARN_COMMA = YES;
				CLANG_WARN_CONSTANT_CONVERSION = YES;
				CLANG_WARN_DEPRECATED_OBJC_IMPLEMENTATIONS = YES;
				CLANG_WARN_DIRECT_OBJC_ISA_USAGE = YES_ERROR;
				CLANG_WARN_DOCUMENTATION_COMMENTS = YES;
				CLANG_WARN_EMPTY_BODY = YES;
				CLANG_WARN_ENUM_CONVERSION = YES;
				CLANG_WARN_INFINITE_RECURSION = YES;
				CLANG_WARN_INT_CONVERSION = YES;
				CLANG_WARN_NON_LITERAL_NULL_CONVERSION = YES;
				CLANG_WARN_OBJC_IMPLICIT_RETAIN_SELF = YES;
				CLANG_WARN_OBJC_LITERAL_CONVERSION = YES;
				CLANG_WARN_OBJC_ROOT_CLASS = YES_ERROR;
				CLANG_WARN_QUOTED_INCLUDE_IN_FRAMEWORK_HEADER = YES;
				CLANG_WARN_RANGE_LOOP_ANALYSIS = YES;
				CLANG_WARN_STRICT_PROTOTYPES = YES;
				CLANG_WARN_SUSPICIOUS_MOVE = YES;
				CLANG_WARN_UNGUARDED_AVAILABILITY = YES_AGGRESSIVE;
				CLANG_WARN_UNREACHABLE_CODE = YES;
				CLANG_WARN__DUPLICATE_METHOD_MATCH = YES;
				COPY_PHASE_STRIP = NO;
				DEBUG_INFORMATION_FORMAT = "dwarf-with-dsym";
				ENABLE_NS_ASSERTIONS = NO;
				ENABLE_STRICT_OBJC_MSGSEND = YES;
				ENABLE_USER_SCRIPT_SANDBOXING = YES;
				GCC_C_LANGUAGE_STANDARD = gnu17;
				GCC_NO_COMMON_BLOCKS = YES;
				GCC_WARN_64_TO_32_BIT_CONVERSION = YES;
				GCC_WARN_ABOUT_RETURN_TYPE = YES_ERROR;
				GCC_WARN_UNDECLARED_SELECTOR = YES;
				GCC_WARN_UNINITIALIZED_AUTOS = YES_AGGRESSIVE;
				GCC_WARN_UNUSED_FUNCTION = YES;
				GCC_WARN_UNUSED_VARIABLE = YES;
				IPHONEOS_DEPLOYMENT_TARGET = 17.4;
				LOCALIZATION_PREFERS_STRING_CATALOGS = YES;
				MTL_ENABLE_DEBUG_INFO = NO;
				MTL_FAST_MATH = YES;
				SDKROOT = iphoneos;
				SWIFT_COMPILATION_MODE = wholemodule;
				VALIDATE_PRODUCT = YES;
			};
			name = Release;
		};
		46018A7A2BC0FDC700DE4C80 /* Debug */ = {
			isa = XCBuildConfiguration;
			buildSettings = {
				ASSETCATALOG_COMPILER_APPICON_NAME = AppIcon;
				ASSETCATALOG_COMPILER_GLOBAL_ACCENT_COLOR_NAME = AccentColor;
				CODE_SIGN_STYLE = Automatic;
				CURRENT_PROJECT_VERSION = 1;
				DEVELOPMENT_ASSET_PATHS = "\"pokedexapp/Preview Content\"";
				DEVELOPMENT_TEAM = P6FCYRT7JM;
				ENABLE_PREVIEWS = YES;
				GENERATE_INFOPLIST_FILE = YES;
				INFOPLIST_KEY_UIApplicationSceneManifest_Generation = YES;
				INFOPLIST_KEY_UIApplicationSupportsIndirectInputEvents = YES;
				INFOPLIST_KEY_UILaunchScreen_Generation = YES;
				INFOPLIST_KEY_UISupportedInterfaceOrientations_iPad = "UIInterfaceOrientationPortrait UIInterfaceOrientationPortraitUpsideDown UIInterfaceOrientationLandscapeLeft UIInterfaceOrientationLandscapeRight";
				INFOPLIST_KEY_UISupportedInterfaceOrientations_iPhone = "UIInterfaceOrientationPortrait UIInterfaceOrientationLandscapeLeft UIInterfaceOrientationLandscapeRight";
				LD_RUNPATH_SEARCH_PATHS = (
					"$(inherited)",
					"@executable_path/Frameworks",
				);
				MARKETING_VERSION = 1.0;
				PRODUCT_BUNDLE_IDENTIFIER = rapser.pe.pokedexapp;
				PRODUCT_NAME = "$(TARGET_NAME)";
				SWIFT_EMIT_LOC_STRINGS = YES;
				SWIFT_VERSION = 5.0;
				TARGETED_DEVICE_FAMILY = "1,2";
			};
			name = Debug;
		};
		46018A7B2BC0FDC700DE4C80 /* Release */ = {
			isa = XCBuildConfiguration;
			buildSettings = {
				ASSETCATALOG_COMPILER_APPICON_NAME = AppIcon;
				ASSETCATALOG_COMPILER_GLOBAL_ACCENT_COLOR_NAME = AccentColor;
				CODE_SIGN_STYLE = Automatic;
				CURRENT_PROJECT_VERSION = 1;
				DEVELOPMENT_ASSET_PATHS = "\"pokedexapp/Preview Content\"";
				DEVELOPMENT_TEAM = P6FCYRT7JM;
				ENABLE_PREVIEWS = YES;
				GENERATE_INFOPLIST_FILE = YES;
				INFOPLIST_KEY_UIApplicationSceneManifest_Generation = YES;
				INFOPLIST_KEY_UIApplicationSupportsIndirectInputEvents = YES;
				INFOPLIST_KEY_UILaunchScreen_Generation = YES;
				INFOPLIST_KEY_UISupportedInterfaceOrientations_iPad = "UIInterfaceOrientationPortrait UIInterfaceOrientationPortraitUpsideDown UIInterfaceOrientationLandscapeLeft UIInterfaceOrientationLandscapeRight";
				INFOPLIST_KEY_UISupportedInterfaceOrientations_iPhone = "UIInterfaceOrientationPortrait UIInterfaceOrientationLandscapeLeft UIInterfaceOrientationLandscapeRight";
				LD_RUNPATH_SEARCH_PATHS = (
					"$(inherited)",
					"@executable_path/Frameworks",
				);
				MARKETING_VERSION = 1.0;
				PRODUCT_BUNDLE_IDENTIFIER = rapser.pe.pokedexapp;
				PRODUCT_NAME = "$(TARGET_NAME)";
				SWIFT_EMIT_LOC_STRINGS = YES;
				SWIFT_VERSION = 5.0;
				TARGETED_DEVICE_FAMILY = "1,2";
			};
			name = Release;
		};
/* End XCBuildConfiguration section */

/* Begin XCConfigurationList section */
		46018A662BC0FDC200DE4C80 /* Build configuration list for PBXProject "pokedexapp" */ = {
			isa = XCConfigurationList;
			buildConfigurations = (
				46018A772BC0FDC700DE4C80 /* Debug */,
				46018A782BC0FDC700DE4C80 /* Release */,
			);
			defaultConfigurationIsVisible = 0;
			defaultConfigurationName = Release;
		};
		46018A792BC0FDC700DE4C80 /* Build configuration list for PBXNativeTarget "pokedexapp" */ = {
			isa = XCConfigurationList;
			buildConfigurations = (
				46018A7A2BC0FDC700DE4C80 /* Debug */,
				46018A7B2BC0FDC700DE4C80 /* Release */,
			);
			defaultConfigurationIsVisible = 0;
			defaultConfigurationName = Release;
		};
/* End XCConfigurationList section */

/* Begin XCRemoteSwiftPackageReference section */
		46018A872BC223C800DE4C80 /* XCRemoteSwiftPackageReference "Kingfisher" */ = {
			isa = XCRemoteSwiftPackageReference;
			repositoryURL = "https://github.com/onevcat/Kingfisher.git";
			requirement = {
				kind = upToNextMajorVersion;
				minimumVersion = 7.11.0;
			};
		};
/* End XCRemoteSwiftPackageReference section */

/* Begin XCSwiftPackageProductDependency section */
		46018A882BC223C800DE4C80 /* Kingfisher */ = {
			isa = XCSwiftPackageProductDependency;
			package = 46018A872BC223C800DE4C80 /* XCRemoteSwiftPackageReference "Kingfisher" */;
			productName = Kingfisher;
		};
/* End XCSwiftPackageProductDependency section */
	};
	rootObject = 46018A632BC0FDC200DE4C80 /* Project object */;
}
